
Microsoft Visual Studio Solution File, Format Version 12.00
# Visual Studio Version 16
VisualStudioVersion = 16.0.30717.126
MinimumVisualStudioVersion = 10.0.40219.1
Project("{FAE04EC0-301F-11D3-BF4B-00C04F79EFBC}") = "student-scrambler", "student-scrambler\student-scrambler.csproj", "{BADD3E14-C29A-4A2E-91C1-6B81145E86F1}"
EndProject
Global
	GlobalSection(SolutionConfigurationPlatforms) = preSolution
		Debug|Any CPU = Debug|Any CPU
		Release|Any CPU = Release|Any CPU
	EndGlobalSection
	GlobalSection(ProjectConfigurationPlatforms) = postSolution
		{BADD3E14-C29A-4A2E-91C1-6B81145E86F1}.Debug|Any CPU.ActiveCfg = Debug|Any CPU
		{BADD3E14-C29A-4A2E-91C1-6B81145E86F1}.Debug|Any CPU.Build.0 = Debug|Any CPU
		{BADD3E14-C29A-4A2E-91C1-6B81145E86F1}.Release|Any CPU.ActiveCfg = Release|Any CPU
		{BADD3E14-C29A-4A2E-91C1-6B81145E86F1}.Release|Any CPU.Build.0 = Release|Any CPU
	EndGlobalSection
	GlobalSection(SolutionProperties) = preSolution
		HideSolutionNode = FALSE
	EndGlobalSection
	GlobalSection(ExtensibilityGlobals) = postSolution
		SolutionGuid = {EECEC5C1-0980-428F-81F5-3B92131AA377}
	EndGlobalSection
EndGlobal
